// !$*UTF8*$!
{
	archiveVersion = 1;
	classes = {
	};
	objectVersion = 46;
	objects = {

/* Begin PBXBuildFile section */
		CE1B3B821423111C001460F9 /* UIKit.framework in Frameworks */ = {isa = PBXBuildFile; fileRef = CE1B3B811423111C001460F9 /* UIKit.framework */; };
		CE1B3B841423111C001460F9 /* Foundation.framework in Frameworks */ = {isa = PBXBuildFile; fileRef = CE1B3B831423111C001460F9 /* Foundation.framework */; };
		CE1B3B861423111C001460F9 /* CoreGraphics.framework in Frameworks */ = {isa = PBXBuildFile; fileRef = CE1B3B851423111C001460F9 /* CoreGraphics.framework */; };
		CE1B3B8C1423111C001460F9 /* InfoPlist.strings in Resources */ = {isa = PBXBuildFile; fileRef = CE1B3B8A1423111C001460F9 /* InfoPlist.strings */; };
		CE1B3B8E1423111C001460F9 /* main.m in Sources */ = {isa = PBXBuildFile; fileRef = CE1B3B8D1423111C001460F9 /* main.m */; };
		CE1B3B921423111C001460F9 /* GraphCalculatorAppDelegate.m in Sources */ = {isa = PBXBuildFile; fileRef = CE1B3B911423111C001460F9 /* GraphCalculatorAppDelegate.m */; };
		CE1B3B951423111C001460F9 /* MainWindow.xib in Resources */ = {isa = PBXBuildFile; fileRef = CE1B3B931423111C001460F9 /* MainWindow.xib */; };
		CE1B3B9D1423111C001460F9 /* SenTestingKit.framework in Frameworks */ = {isa = PBXBuildFile; fileRef = CE1B3B9C1423111C001460F9 /* SenTestingKit.framework */; };
		CE1B3B9E1423111C001460F9 /* UIKit.framework in Frameworks */ = {isa = PBXBuildFile; fileRef = CE1B3B811423111C001460F9 /* UIKit.framework */; };
		CE1B3B9F1423111C001460F9 /* Foundation.framework in Frameworks */ = {isa = PBXBuildFile; fileRef = CE1B3B831423111C001460F9 /* Foundation.framework */; };
		CE1B3BA01423111C001460F9 /* CoreGraphics.framework in Frameworks */ = {isa = PBXBuildFile; fileRef = CE1B3B851423111C001460F9 /* CoreGraphics.framework */; };
		CE1B3BA81423111C001460F9 /* InfoPlist.strings in Resources */ = {isa = PBXBuildFile; fileRef = CE1B3BA61423111C001460F9 /* InfoPlist.strings */; };
		CE1B3BAA1423111C001460F9 /* GraphCalculatorTests.h in Resources */ = {isa = PBXBuildFile; fileRef = CE1B3BA91423111C001460F9 /* GraphCalculatorTests.h */; };
		CE1B3BAC1423111C001460F9 /* GraphCalculatorTests.m in Sources */ = {isa = PBXBuildFile; fileRef = CE1B3BAB1423111C001460F9 /* GraphCalculatorTests.m */; };
		CEEAD79B14298C980050E9B9 /* GraphCalculatorViewController.m in Sources */ = {isa = PBXBuildFile; fileRef = CEEAD79914298C980050E9B9 /* GraphCalculatorViewController.m */; };
		CEEAD79C14298C980050E9B9 /* GraphCalculatorViewController.xib in Resources */ = {isa = PBXBuildFile; fileRef = CEEAD79A14298C980050E9B9 /* GraphCalculatorViewController.xib */; };
		CEEAD7A1142999800050E9B9 /* CalculatorBrain.m in Sources */ = {isa = PBXBuildFile; fileRef = CEEAD79E142999800050E9B9 /* CalculatorBrain.m */; };
		CEEAD7A2142999800050E9B9 /* CalculatorViewController.m in Sources */ = {isa = PBXBuildFile; fileRef = CEEAD7A0142999800050E9B9 /* CalculatorViewController.m */; };
		CEEAD7A4142999990050E9B9 /* CalculatorViewController.xib in Resources */ = {isa = PBXBuildFile; fileRef = CEEAD7A3142999990050E9B9 /* CalculatorViewController.xib */; };
		CEEAD7A7142999B90050E9B9 /* AxesDrawer.m in Sources */ = {isa = PBXBuildFile; fileRef = CEEAD7A6142999B90050E9B9 /* AxesDrawer.m */; };
		CEEAD7AA14299A320050E9B9 /* GraphView.m in Sources */ = {isa = PBXBuildFile; fileRef = CEEAD7A914299A320050E9B9 /* GraphView.m */; };
/* End PBXBuildFile section */

/* Begin PBXContainerItemProxy section */
		CE1B3BA11423111C001460F9 /* PBXContainerItemProxy */ = {
			isa = PBXContainerItemProxy;
			containerPortal = CE1B3B741423111C001460F9 /* Project object */;
			proxyType = 1;
			remoteGlobalIDString = CE1B3B7C1423111C001460F9;
			remoteInfo = GraphCalculator;
		};
/* End PBXContainerItemProxy section */

/* Begin PBXFileReference section */
		CE1B3B7D1423111C001460F9 /* GraphCalculator.app */ = {isa = PBXFileReference; explicitFileType = wrapper.application; includeInIndex = 0; path = GraphCalculator.app; sourceTree = BUILT_PRODUCTS_DIR; };
		CE1B3B811423111C001460F9 /* UIKit.framework */ = {isa = PBXFileReference; lastKnownFileType = wrapper.framework; name = UIKit.framework; path = System/Library/Frameworks/UIKit.framework; sourceTree = SDKROOT; };
		CE1B3B831423111C001460F9 /* Foundation.framework */ = {isa = PBXFileReference; lastKnownFileType = wrapper.framework; name = Foundation.framework; path = System/Library/Frameworks/Foundation.framework; sourceTree = SDKROOT; };
		CE1B3B851423111C001460F9 /* CoreGraphics.framework */ = {isa = PBXFileReference; lastKnownFileType = wrapper.framework; name = CoreGraphics.framework; path = System/Library/Frameworks/CoreGraphics.framework; sourceTree = SDKROOT; };
		CE1B3B891423111C001460F9 /* GraphCalculator-Info.plist */ = {isa = PBXFileReference; lastKnownFileType = text.plist.xml; path = "GraphCalculator-Info.plist"; sourceTree = "<group>"; };
		CE1B3B8B1423111C001460F9 /* en */ = {isa = PBXFileReference; lastKnownFileType = text.plist.strings; name = en; path = en.lproj/InfoPlist.strings; sourceTree = "<group>"; };
		CE1B3B8D1423111C001460F9 /* main.m */ = {isa = PBXFileReference; lastKnownFileType = sourcecode.c.objc; path = main.m; sourceTree = "<group>"; };
		CE1B3B8F1423111C001460F9 /* GraphCalculator-Prefix.pch */ = {isa = PBXFileReference; lastKnownFileType = sourcecode.c.h; path = "GraphCalculator-Prefix.pch"; sourceTree = "<group>"; };
		CE1B3B901423111C001460F9 /* GraphCalculatorAppDelegate.h */ = {isa = PBXFileReference; lastKnownFileType = sourcecode.c.h; path = GraphCalculatorAppDelegate.h; sourceTree = "<group>"; };
		CE1B3B911423111C001460F9 /* GraphCalculatorAppDelegate.m */ = {isa = PBXFileReference; lastKnownFileType = sourcecode.c.objc; path = GraphCalculatorAppDelegate.m; sourceTree = "<group>"; };
		CE1B3B941423111C001460F9 /* en */ = {isa = PBXFileReference; lastKnownFileType = file.xib; name = en; path = en.lproj/MainWindow.xib; sourceTree = "<group>"; };
		CE1B3B9B1423111C001460F9 /* GraphCalculatorTests.octest */ = {isa = PBXFileReference; explicitFileType = wrapper.cfbundle; includeInIndex = 0; path = GraphCalculatorTests.octest; sourceTree = BUILT_PRODUCTS_DIR; };
		CE1B3B9C1423111C001460F9 /* SenTestingKit.framework */ = {isa = PBXFileReference; lastKnownFileType = wrapper.framework; name = SenTestingKit.framework; path = Library/Frameworks/SenTestingKit.framework; sourceTree = DEVELOPER_DIR; };
		CE1B3BA51423111C001460F9 /* GraphCalculatorTests-Info.plist */ = {isa = PBXFileReference; lastKnownFileType = text.plist.xml; path = "GraphCalculatorTests-Info.plist"; sourceTree = "<group>"; };
		CE1B3BA71423111C001460F9 /* en */ = {isa = PBXFileReference; lastKnownFileType = text.plist.strings; name = en; path = en.lproj/InfoPlist.strings; sourceTree = "<group>"; };
		CE1B3BA91423111C001460F9 /* GraphCalculatorTests.h */ = {isa = PBXFileReference; lastKnownFileType = sourcecode.c.h; path = GraphCalculatorTests.h; sourceTree = "<group>"; };
		CE1B3BAB1423111C001460F9 /* GraphCalculatorTests.m */ = {isa = PBXFileReference; lastKnownFileType = sourcecode.c.objc; path = GraphCalculatorTests.m; sourceTree = "<group>"; };
		CEEAD79814298C980050E9B9 /* GraphCalculatorViewController.h */ = {isa = PBXFileReference; fileEncoding = 4; lastKnownFileType = sourcecode.c.h; path = GraphCalculatorViewController.h; sourceTree = SOURCE_ROOT; };
		CEEAD79914298C980050E9B9 /* GraphCalculatorViewController.m */ = {isa = PBXFileReference; fileEncoding = 4; lastKnownFileType = sourcecode.c.objc; path = GraphCalculatorViewController.m; sourceTree = SOURCE_ROOT; };
		CEEAD79A14298C980050E9B9 /* GraphCalculatorViewController.xib */ = {isa = PBXFileReference; fileEncoding = 4; lastKnownFileType = file.xib; path = GraphCalculatorViewController.xib; sourceTree = SOURCE_ROOT; };
		CEEAD79D142999800050E9B9 /* CalculatorBrain.h */ = {isa = PBXFileReference; fileEncoding = 4; lastKnownFileType = sourcecode.c.h; path = CalculatorBrain.h; sourceTree = "<group>"; };
		CEEAD79E142999800050E9B9 /* CalculatorBrain.m */ = {isa = PBXFileReference; fileEncoding = 4; lastKnownFileType = sourcecode.c.objc; path = CalculatorBrain.m; sourceTree = "<group>"; };
		CEEAD79F142999800050E9B9 /* CalculatorViewController.h */ = {isa = PBXFileReference; fileEncoding = 4; lastKnownFileType = sourcecode.c.h; path = CalculatorViewController.h; sourceTree = "<group>"; };
		CEEAD7A0142999800050E9B9 /* CalculatorViewController.m */ = {isa = PBXFileReference; fileEncoding = 4; lastKnownFileType = sourcecode.c.objc; path = CalculatorViewController.m; sourceTree = "<group>"; };
		CEEAD7A3142999990050E9B9 /* CalculatorViewController.xib */ = {isa = PBXFileReference; fileEncoding = 4; lastKnownFileType = file.xib; path = CalculatorViewController.xib; sourceTree = "<group>"; };
		CEEAD7A5142999B90050E9B9 /* AxesDrawer.h */ = {isa = PBXFileReference; fileEncoding = 4; lastKnownFileType = sourcecode.c.h; path = AxesDrawer.h; sourceTree = "<group>"; };
		CEEAD7A6142999B90050E9B9 /* AxesDrawer.m */ = {isa = PBXFileReference; fileEncoding = 4; lastKnownFileType = sourcecode.c.objc; path = AxesDrawer.m; sourceTree = "<group>"; };
		CEEAD7A814299A320050E9B9 /* GraphView.h */ = {isa = PBXFileReference; fileEncoding = 4; lastKnownFileType = sourcecode.c.h; path = GraphView.h; sourceTree = "<group>"; };
		CEEAD7A914299A320050E9B9 /* GraphView.m */ = {isa = PBXFileReference; fileEncoding = 4; lastKnownFileType = sourcecode.c.objc; path = GraphView.m; sourceTree = "<group>"; };
/* End PBXFileReference section */

/* Begin PBXFrameworksBuildPhase section */
		CE1B3B7A1423111C001460F9 /* Frameworks */ = {
			isa = PBXFrameworksBuildPhase;
			buildActionMask = 2147483647;
			files = (
				CE1B3B821423111C001460F9 /* UIKit.framework in Frameworks */,
				CE1B3B841423111C001460F9 /* Foundation.framework in Frameworks */,
				CE1B3B861423111C001460F9 /* CoreGraphics.framework in Frameworks */,
			);
			runOnlyForDeploymentPostprocessing = 0;
		};
		CE1B3B971423111C001460F9 /* Frameworks */ = {
			isa = PBXFrameworksBuildPhase;
			buildActionMask = 2147483647;
			files = (
				CE1B3B9D1423111C001460F9 /* SenTestingKit.framework in Frameworks */,
				CE1B3B9E1423111C001460F9 /* UIKit.framework in Frameworks */,
				CE1B3B9F1423111C001460F9 /* Foundation.framework in Frameworks */,
				CE1B3BA01423111C001460F9 /* CoreGraphics.framework in Frameworks */,
			);
			runOnlyForDeploymentPostprocessing = 0;
		};
/* End PBXFrameworksBuildPhase section */

/* Begin PBXGroup section */
		CE1B3B721423111C001460F9 = {
			isa = PBXGroup;
			children = (
				CE1B3B871423111C001460F9 /* GraphCalculator */,
				CE1B3BA31423111C001460F9 /* GraphCalculatorTests */,
				CE1B3B801423111C001460F9 /* Frameworks */,
				CE1B3B7E1423111C001460F9 /* Products */,
			);
			sourceTree = "<group>";
		};
		CE1B3B7E1423111C001460F9 /* Products */ = {
			isa = PBXGroup;
			children = (
				CE1B3B7D1423111C001460F9 /* GraphCalculator.app */,
				CE1B3B9B1423111C001460F9 /* GraphCalculatorTests.octest */,
			);
			name = Products;
			sourceTree = "<group>";
		};
		CE1B3B801423111C001460F9 /* Frameworks */ = {
			isa = PBXGroup;
			children = (
				CE1B3B811423111C001460F9 /* UIKit.framework */,
				CE1B3B831423111C001460F9 /* Foundation.framework */,
				CE1B3B851423111C001460F9 /* CoreGraphics.framework */,
				CE1B3B9C1423111C001460F9 /* SenTestingKit.framework */,
			);
			name = Frameworks;
			sourceTree = "<group>";
		};
		CE1B3B871423111C001460F9 /* GraphCalculator */ = {
			isa = PBXGroup;
			children = (
				CEEAD7AC14299A6A0050E9B9 /* Graph */,
				CEEAD7AB14299A460050E9B9 /* Calculator */,
				CE1B3B901423111C001460F9 /* GraphCalculatorAppDelegate.h */,
				CE1B3B911423111C001460F9 /* GraphCalculatorAppDelegate.m */,
				CE1B3B931423111C001460F9 /* MainWindow.xib */,
				CE1B3B881423111C001460F9 /* Supporting Files */,
			);
			path = GraphCalculator;
			sourceTree = "<group>";
		};
		CE1B3B881423111C001460F9 /* Supporting Files */ = {
			isa = PBXGroup;
			children = (
				CE1B3B891423111C001460F9 /* GraphCalculator-Info.plist */,
				CE1B3B8A1423111C001460F9 /* InfoPlist.strings */,
				CE1B3B8D1423111C001460F9 /* main.m */,
				CE1B3B8F1423111C001460F9 /* GraphCalculator-Prefix.pch */,
			);
			name = "Supporting Files";
			sourceTree = "<group>";
		};
		CE1B3BA31423111C001460F9 /* GraphCalculatorTests */ = {
			isa = PBXGroup;
			children = (
				CE1B3BA91423111C001460F9 /* GraphCalculatorTests.h */,
				CE1B3BAB1423111C001460F9 /* GraphCalculatorTests.m */,
				CE1B3BA41423111C001460F9 /* Supporting Files */,
			);
			path = GraphCalculatorTests;
			sourceTree = "<group>";
		};
		CE1B3BA41423111C001460F9 /* Supporting Files */ = {
			isa = PBXGroup;
			children = (
				CE1B3BA51423111C001460F9 /* GraphCalculatorTests-Info.plist */,
				CE1B3BA61423111C001460F9 /* InfoPlist.strings */,
			);
			name = "Supporting Files";
			sourceTree = "<group>";
		};
		CEEAD7AB14299A460050E9B9 /* Calculator */ = {
			isa = PBXGroup;
			children = (
				CEEAD79D142999800050E9B9 /* CalculatorBrain.h */,
				CEEAD79E142999800050E9B9 /* CalculatorBrain.m */,
				CEEAD79F142999800050E9B9 /* CalculatorViewController.h */,
				CEEAD7A0142999800050E9B9 /* CalculatorViewController.m */,
				CEEAD7A3142999990050E9B9 /* CalculatorViewController.xib */,
			);
			name = Calculator;
			sourceTree = "<group>";
		};
		CEEAD7AC14299A6A0050E9B9 /* Graph */ = {
			isa = PBXGroup;
			children = (
				CEEAD7A5142999B90050E9B9 /* AxesDrawer.h */,
				CEEAD7A6142999B90050E9B9 /* AxesDrawer.m */,
				CEEAD7A814299A320050E9B9 /* GraphView.h */,
				CEEAD7A914299A320050E9B9 /* GraphView.m */,
				CEEAD79814298C980050E9B9 /* GraphCalculatorViewController.h */,
				CEEAD79914298C980050E9B9 /* GraphCalculatorViewController.m */,
				CEEAD79A14298C980050E9B9 /* GraphCalculatorViewController.xib */,
			);
			name = Graph;
			sourceTree = "<group>";
		};
/* End PBXGroup section */

/* Begin PBXNativeTarget section */
		CE1B3B7C1423111C001460F9 /* GraphCalculator */ = {
			isa = PBXNativeTarget;
			buildConfigurationList = CE1B3BAF1423111C001460F9 /* Build configuration list for PBXNativeTarget "GraphCalculator" */;
			buildPhases = (
				CE1B3B791423111C001460F9 /* Sources */,
				CE1B3B7A1423111C001460F9 /* Frameworks */,
				CE1B3B7B1423111C001460F9 /* Resources */,
			);
			buildRules = (
			);
			dependencies = (
			);
			name = GraphCalculator;
			productName = GraphCalculator;
			productReference = CE1B3B7D1423111C001460F9 /* GraphCalculator.app */;
			productType = "com.apple.product-type.application";
		};
		CE1B3B9A1423111C001460F9 /* GraphCalculatorTests */ = {
			isa = PBXNativeTarget;
			buildConfigurationList = CE1B3BB21423111C001460F9 /* Build configuration list for PBXNativeTarget "GraphCalculatorTests" */;
			buildPhases = (
				CE1B3B961423111C001460F9 /* Sources */,
				CE1B3B971423111C001460F9 /* Frameworks */,
				CE1B3B981423111C001460F9 /* Resources */,
				CE1B3B991423111C001460F9 /* ShellScript */,
			);
			buildRules = (
			);
			dependencies = (
				CE1B3BA21423111C001460F9 /* PBXTargetDependency */,
			);
			name = GraphCalculatorTests;
			productName = GraphCalculatorTests;
			productReference = CE1B3B9B1423111C001460F9 /* GraphCalculatorTests.octest */;
			productType = "com.apple.product-type.bundle";
		};
/* End PBXNativeTarget section */

/* Begin PBXProject section */
		CE1B3B741423111C001460F9 /* Project object */ = {
			isa = PBXProject;
			attributes = {
				ORGANIZATIONNAME = "Rose-Hulman Institute of Technology";
			};
			buildConfigurationList = CE1B3B771423111C001460F9 /* Build configuration list for PBXProject "GraphCalculator" */;
			compatibilityVersion = "Xcode 3.2";
			developmentRegion = English;
			hasScannedForEncodings = 0;
			knownRegions = (
				en,
			);
			mainGroup = CE1B3B721423111C001460F9;
			productRefGroup = CE1B3B7E1423111C001460F9 /* Products */;
			projectDirPath = "";
			projectRoot = "";
			targets = (
				CE1B3B7C1423111C001460F9 /* GraphCalculator */,
				CE1B3B9A1423111C001460F9 /* GraphCalculatorTests */,
			);
		};
/* End PBXProject section */

/* Begin PBXResourcesBuildPhase section */
		CE1B3B7B1423111C001460F9 /* Resources */ = {
			isa = PBXResourcesBuildPhase;
			buildActionMask = 2147483647;
			files = (
				CE1B3B8C1423111C001460F9 /* InfoPlist.strings in Resources */,
				CE1B3B951423111C001460F9 /* MainWindow.xib in Resources */,
				CEEAD79C14298C980050E9B9 /* GraphCalculatorViewController.xib in Resources */,
				CEEAD7A4142999990050E9B9 /* CalculatorViewController.xib in Resources */,
			);
			runOnlyForDeploymentPostprocessing = 0;
		};
		CE1B3B981423111C001460F9 /* Resources */ = {
			isa = PBXResourcesBuildPhase;
			buildActionMask = 2147483647;
			files = (
				CE1B3BA81423111C001460F9 /* InfoPlist.strings in Resources */,
				CE1B3BAA1423111C001460F9 /* GraphCalculatorTests.h in Resources */,
			);
			runOnlyForDeploymentPostprocessing = 0;
		};
/* End PBXResourcesBuildPhase section */

/* Begin PBXShellScriptBuildPhase section */
		CE1B3B991423111C001460F9 /* ShellScript */ = {
			isa = PBXShellScriptBuildPhase;
			buildActionMask = 2147483647;
			files = (
			);
			inputPaths = (
			);
			outputPaths = (
			);
			runOnlyForDeploymentPostprocessing = 0;
			shellPath = /bin/sh;
			shellScript = "# Run the unit tests in this test bundle.\n\"${SYSTEM_DEVELOPER_DIR}/Tools/RunUnitTests\"\n";
		};
/* End PBXShellScriptBuildPhase section */

/* Begin PBXSourcesBuildPhase section */
		CE1B3B791423111C001460F9 /* Sources */ = {
			isa = PBXSourcesBuildPhase;
			buildActionMask = 2147483647;
			files = (
				CE1B3B8E1423111C001460F9 /* main.m in Sources */,
				CE1B3B921423111C001460F9 /* GraphCalculatorAppDelegate.m in Sources */,
				CEEAD79B14298C980050E9B9 /* GraphCalculatorViewController.m in Sources */,
				CEEAD7A1142999800050E9B9 /* CalculatorBrain.m in Sources */,
				CEEAD7A2142999800050E9B9 /* CalculatorViewController.m in Sources */,
				CEEAD7A7142999B90050E9B9 /* AxesDrawer.m in Sources */,
				CEEAD7AA14299A320050E9B9 /* GraphView.m in Sources */,
			);
			runOnlyForDeploymentPostprocessing = 0;
		};
		CE1B3B961423111C001460F9 /* Sources */ = {
			isa = PBXSourcesBuildPhase;
			buildActionMask = 2147483647;
			files = (
				CE1B3BAC1423111C001460F9 /* GraphCalculatorTests.m in Sources */,
			);
			runOnlyForDeploymentPostprocessing = 0;
		};
/* End PBXSourcesBuildPhase section */

/* Begin PBXTargetDependency section */
		CE1B3BA21423111C001460F9 /* PBXTargetDependency */ = {
			isa = PBXTargetDependency;
			target = CE1B3B7C1423111C001460F9 /* GraphCalculator */;
			targetProxy = CE1B3BA11423111C001460F9 /* PBXContainerItemProxy */;
		};
/* End PBXTargetDependency section */

/* Begin PBXVariantGroup section */
		CE1B3B8A1423111C001460F9 /* InfoPlist.strings */ = {
			isa = PBXVariantGroup;
			children = (
				CE1B3B8B1423111C001460F9 /* en */,
			);
			name = InfoPlist.strings;
			sourceTree = "<group>";
		};
		CE1B3B931423111C001460F9 /* MainWindow.xib */ = {
			isa = PBXVariantGroup;
			children = (
				CE1B3B941423111C001460F9 /* en */,
			);
			name = MainWindow.xib;
			sourceTree = "<group>";
		};
		CE1B3BA61423111C001460F9 /* InfoPlist.strings */ = {
			isa = PBXVariantGroup;
			children = (
				CE1B3BA71423111C001460F9 /* en */,
			);
			name = InfoPlist.strings;
			sourceTree = "<group>";
		};
/* End PBXVariantGroup section */

/* Begin XCBuildConfiguration section */
		CE1B3BAD1423111C001460F9 /* Debug */ = {
			isa = XCBuildConfiguration;
			buildSettings = {
				ALWAYS_SEARCH_USER_PATHS = NO;
				ARCHS = "$(ARCHS_STANDARD_32_BIT)";
				"CODE_SIGN_IDENTITY[sdk=iphoneos*]" = "iPhone Developer";
				COPY_PHASE_STRIP = NO;
				GCC_C_LANGUAGE_STANDARD = gnu99;
				GCC_DYNAMIC_NO_PIC = NO;
				GCC_OPTIMIZATION_LEVEL = 0;
				GCC_PREPROCESSOR_DEFINITIONS = (
					"DEBUG=1",
					"$(inherited)",
				);
				GCC_SYMBOLS_PRIVATE_EXTERN = NO;
				GCC_VERSION = com.apple.compilers.llvmgcc42;
				GCC_WARN_ABOUT_MISSING_PROTOTYPES = YES;
				GCC_WARN_ABOUT_RETURN_TYPE = YES;
				GCC_WARN_UNUSED_VARIABLE = YES;
				IPHONEOS_DEPLOYMENT_TARGET = 4.3;
				SDKROOT = iphoneos;
			};
			name = Debug;
		};
		CE1B3BAE1423111C001460F9 /* Release */ = {
			isa = XCBuildConfiguration;
			buildSettings = {
				ALWAYS_SEARCH_USER_PATHS = NO;
				ARCHS = "$(ARCHS_STANDARD_32_BIT)";
				"CODE_SIGN_IDENTITY[sdk=iphoneos*]" = "iPhone Developer";
				COPY_PHASE_STRIP = YES;
				GCC_C_LANGUAGE_STANDARD = gnu99;
				GCC_VERSION = com.apple.compilers.llvmgcc42;
				GCC_WARN_ABOUT_MISSING_PROTOTYPES = YES;
				GCC_WARN_ABOUT_RETURN_TYPE = YES;
				GCC_WARN_UNUSED_VARIABLE = YES;
				IPHONEOS_DEPLOYMENT_TARGET = 4.3;
				OTHER_CFLAGS = "-DNS_BLOCK_ASSERTIONS=1";
				SDKROOT = iphoneos;
				VALIDATE_PRODUCT = YES;
			};
			name = Release;
		};
		CE1B3BB01423111C001460F9 /* Debug */ = {
			isa = XCBuildConfiguration;
			buildSettings = {
				GCC_PRECOMPILE_PREFIX_HEADER = YES;
				GCC_PREFIX_HEADER = "GraphCalculator/GraphCalculator-Prefix.pch";
				INFOPLIST_FILE = "GraphCalculator/GraphCalculator-Info.plist";
				IPHONEOS_DEPLOYMENT_TARGET = 3.2;
				PRODUCT_NAME = "$(TARGET_NAME)";
				TARGETED_DEVICE_FAMILY = 1;
				WRAPPER_EXTENSION = app;
			};
			name = Debug;
		};
		CE1B3BB11423111C001460F9 /* Release */ = {
			isa = XCBuildConfiguration;
			buildSettings = {
				GCC_PRECOMPILE_PREFIX_HEADER = YES;
				GCC_PREFIX_HEADER = "GraphCalculator/GraphCalculator-Prefix.pch";
				INFOPLIST_FILE = "GraphCalculator/GraphCalculator-Info.plist";
				IPHONEOS_DEPLOYMENT_TARGET = 3.2;
				PRODUCT_NAME = "$(TARGET_NAME)";
				TARGETED_DEVICE_FAMILY = 1;
				WRAPPER_EXTENSION = app;
			};
			name = Release;
		};
		CE1B3BB31423111C001460F9 /* Debug */ = {
			isa = XCBuildConfiguration;
			buildSettings = {
				BUNDLE_LOADER = "$(BUILT_PRODUCTS_DIR)/GraphCalculator.app/GraphCalculator";
				FRAMEWORK_SEARCH_PATHS = (
					"$(SDKROOT)/Developer/Library/Frameworks",
					"$(DEVELOPER_LIBRARY_DIR)/Frameworks",
				);
				GCC_PRECOMPILE_PREFIX_HEADER = YES;
				GCC_PREFIX_HEADER = "GraphCalculator/GraphCalculator-Prefix.pch";
				INFOPLIST_FILE = "GraphCalculatorTests/GraphCalculatorTests-Info.plist";
				PRODUCT_NAME = "$(TARGET_NAME)";
				TEST_HOST = "$(BUNDLE_LOADER)";
				WRAPPER_EXTENSION = octest;
			};
			name = Debug;
		};
		CE1B3BB41423111C001460F9 /* Release */ = {
			isa = XCBuildConfiguration;
			buildSettings = {
				BUNDLE_LOADER = "$(BUILT_PRODUCTS_DIR)/GraphCalculator.app/GraphCalculator";
				FRAMEWORK_SEARCH_PATHS = (
					"$(SDKROOT)/Developer/Library/Frameworks",
					"$(DEVELOPER_LIBRARY_DIR)/Frameworks",
				);
				GCC_PRECOMPILE_PREFIX_HEADER = YES;
				GCC_PREFIX_HEADER = "GraphCalculator/GraphCalculator-Prefix.pch";
				INFOPLIST_FILE = "GraphCalculatorTests/GraphCalculatorTests-Info.plist";
				PRODUCT_NAME = "$(TARGET_NAME)";
				TEST_HOST = "$(BUNDLE_LOADER)";
				WRAPPER_EXTENSION = octest;
			};
			name = Release;
		};
/* End XCBuildConfiguration section */

/* Begin XCConfigurationList section */
		CE1B3B771423111C001460F9 /* Build configuration list for PBXProject "GraphCalculator" */ = {
			isa = XCConfigurationList;
			buildConfigurations = (
				CE1B3BAD1423111C001460F9 /* Debug */,
				CE1B3BAE1423111C001460F9 /* Release */,
			);
			defaultConfigurationIsVisible = 0;
			defaultConfigurationName = Release;
		};
		CE1B3BAF1423111C001460F9 /* Build configuration list for PBXNativeTarget "GraphCalculator" */ = {
			isa = XCConfigurationList;
			buildConfigurations = (
				CE1B3BB01423111C001460F9 /* Debug */,
				CE1B3BB11423111C001460F9 /* Release */,
			);
			defaultConfigurationIsVisible = 0;
			defaultConfigurationName = Release;
		};
		CE1B3BB21423111C001460F9 /* Build configuration list for PBXNativeTarget "GraphCalculatorTests" */ = {
			isa = XCConfigurationList;
			buildConfigurations = (
				CE1B3BB31423111C001460F9 /* Debug */,
				CE1B3BB41423111C001460F9 /* Release */,
			);
			defaultConfigurationIsVisible = 0;
			defaultConfigurationName = Release;
		};
/* End XCConfigurationList section */
	};
	rootObject = CE1B3B741423111C001460F9 /* Project object */;
}
